
Microsoft Visual Studio Solution File, Format Version 12.00
# Visual Studio Version 17
VisualStudioVersion = 17.14.36127.28 d17.14
MinimumVisualStudioVersion = 10.0.40219.1
Project("{FAE04EC0-301F-11D3-BF4B-00C04F79EFBC}") = "task01", "task01\task01.csproj", "{DE6B466F-DAAD-4A06-8E59-FC64D627D031}"
EndProject
Project("{FAE04EC0-301F-11D3-BF4B-00C04F79EFBC}") = "task01tests", "task01tests\task01tests.csproj", "{5D1AA24C-C7FC-4CC2-A69A-DBD6B9FDB034}"
EndProject
Project("{2150E333-8FDC-42A3-9474-1A3956D46DE8}") = ".github", ".github", "{36D591C7-65C7-A0D1-1CBC-10CDE441BDC8}"
EndProject
Project("{2150E333-8FDC-42A3-9474-1A3956D46DE8}") = "workflows", "workflows", "{A2B2D970-CAF2-41C0-8B92-253FB48DF549}"
	ProjectSection(SolutionItems) = preProject
		dotnet.yml = dotnet.yml
	EndProjectSection
EndProject
Global
	GlobalSection(SolutionConfigurationPlatforms) = preSolution
		Debug|Any CPU = Debug|Any CPU
		Release|Any CPU = Release|Any CPU
	EndGlobalSection
	GlobalSection(ProjectConfigurationPlatforms) = postSolution
		{DE6B466F-DAAD-4A06-8E59-FC64D627D031}.Debug|Any CPU.ActiveCfg = Debug|Any CPU
		{DE6B466F-DAAD-4A06-8E59-FC64D627D031}.Debug|Any CPU.Build.0 = Debug|Any CPU
		{DE6B466F-DAAD-4A06-8E59-FC64D627D031}.Release|Any CPU.ActiveCfg = Release|Any CPU
		{DE6B466F-DAAD-4A06-8E59-FC64D627D031}.Release|Any CPU.Build.0 = Release|Any CPU
		{5D1AA24C-C7FC-4CC2-A69A-DBD6B9FDB034}.Debug|Any CPU.ActiveCfg = Debug|Any CPU
		{5D1AA24C-C7FC-4CC2-A69A-DBD6B9FDB034}.Debug|Any CPU.Build.0 = Debug|Any CPU
		{5D1AA24C-C7FC-4CC2-A69A-DBD6B9FDB034}.Release|Any CPU.ActiveCfg = Release|Any CPU
		{5D1AA24C-C7FC-4CC2-A69A-DBD6B9FDB034}.Release|Any CPU.Build.0 = Release|Any CPU
	EndGlobalSection
	GlobalSection(SolutionProperties) = preSolution
		HideSolutionNode = FALSE
	EndGlobalSection
	GlobalSection(NestedProjects) = preSolution
		{A2B2D970-CAF2-41C0-8B92-253FB48DF549} = {36D591C7-65C7-A0D1-1CBC-10CDE441BDC8}
	EndGlobalSection
	GlobalSection(ExtensibilityGlobals) = postSolution
		SolutionGuid = {CACD72B2-5D80-48CD-B1E2-A051C4D3C910}
	EndGlobalSection
EndGlobal
