
Microsoft Visual Studio Solution File, Format Version 12.00
# Visual Studio Version 17
VisualStudioVersion = 17.14.36127.28
MinimumVisualStudioVersion = 10.0.40219.1
Project("{FAE04EC0-301F-11D3-BF4B-00C04F79EFBC}") = "task08tests", "task08tests\task08tests.csproj", "{2C9C5AB1-D66E-56F2-3783-B0F0E4D415A2}"
EndProject
Project("{FAE04EC0-301F-11D3-BF4B-00C04F79EFBC}") = "CommandLib", "CommandLib\CommandLib.csproj", "{6E47215F-F0AC-7CF2-77FB-A47FD0B643F2}"
EndProject
Project("{FAE04EC0-301F-11D3-BF4B-00C04F79EFBC}") = "CommandRunner", "CommandRunner\CommandRunner.csproj", "{BAD7B8AD-B7EA-FBA0-B8CF-862B5DE1E573}"
EndProject
Project("{FAE04EC0-301F-11D3-BF4B-00C04F79EFBC}") = "FileSystemCommands", "FileSystemCommands\FileSystemCommands.csproj", "{6558942E-0325-9732-EE97-F8D9237ED65D}"
EndProject
Global
	GlobalSection(SolutionConfigurationPlatforms) = preSolution
		Debug|Any CPU = Debug|Any CPU
		Release|Any CPU = Release|Any CPU
	EndGlobalSection
	GlobalSection(ProjectConfigurationPlatforms) = postSolution
		{2C9C5AB1-D66E-56F2-3783-B0F0E4D415A2}.Debug|Any CPU.ActiveCfg = Debug|Any CPU
		{2C9C5AB1-D66E-56F2-3783-B0F0E4D415A2}.Debug|Any CPU.Build.0 = Debug|Any CPU
		{2C9C5AB1-D66E-56F2-3783-B0F0E4D415A2}.Release|Any CPU.ActiveCfg = Release|Any CPU
		{2C9C5AB1-D66E-56F2-3783-B0F0E4D415A2}.Release|Any CPU.Build.0 = Release|Any CPU
		{6E47215F-F0AC-7CF2-77FB-A47FD0B643F2}.Debug|Any CPU.ActiveCfg = Debug|Any CPU
		{6E47215F-F0AC-7CF2-77FB-A47FD0B643F2}.Debug|Any CPU.Build.0 = Debug|Any CPU
		{6E47215F-F0AC-7CF2-77FB-A47FD0B643F2}.Release|Any CPU.ActiveCfg = Release|Any CPU
		{6E47215F-F0AC-7CF2-77FB-A47FD0B643F2}.Release|Any CPU.Build.0 = Release|Any CPU
		{BAD7B8AD-B7EA-FBA0-B8CF-862B5DE1E573}.Debug|Any CPU.ActiveCfg = Debug|Any CPU
		{BAD7B8AD-B7EA-FBA0-B8CF-862B5DE1E573}.Debug|Any CPU.Build.0 = Debug|Any CPU
		{BAD7B8AD-B7EA-FBA0-B8CF-862B5DE1E573}.Release|Any CPU.ActiveCfg = Release|Any CPU
		{BAD7B8AD-B7EA-FBA0-B8CF-862B5DE1E573}.Release|Any CPU.Build.0 = Release|Any CPU
		{6558942E-0325-9732-EE97-F8D9237ED65D}.Debug|Any CPU.ActiveCfg = Debug|Any CPU
		{6558942E-0325-9732-EE97-F8D9237ED65D}.Debug|Any CPU.Build.0 = Debug|Any CPU
		{6558942E-0325-9732-EE97-F8D9237ED65D}.Release|Any CPU.ActiveCfg = Release|Any CPU
		{6558942E-0325-9732-EE97-F8D9237ED65D}.Release|Any CPU.Build.0 = Release|Any CPU
	EndGlobalSection
	GlobalSection(SolutionProperties) = preSolution
		HideSolutionNode = FALSE
	EndGlobalSection
	GlobalSection(ExtensibilityGlobals) = postSolution
		SolutionGuid = {5503B344-DC4C-48C4-8670-A6130C431873}
	EndGlobalSection
EndGlobal
